
Microsoft Visual Studio Solution File, Format Version 12.00
# Visual Studio Version 16
VisualStudioVersion = 16.0.34407.143
MinimumVisualStudioVersion = 10.0.40219.1
Project("{FAE04EC0-301F-11D3-BF4B-00C04F79EFBC}") = "CapaPresentacion", "ProyectoProgramacionRAD_JavierPalencia\CapaPresentacion.csproj", "{C09F5C4C-47FC-4548-9027-8B1F7BD65248}"
EndProject
Project("{FAE04EC0-301F-11D3-BF4B-00C04F79EFBC}") = "CapaDatos", "CapaDatos\CapaDatos.csproj", "{96A6A2C4-BC82-40A4-86AF-897A518F5A93}"
EndProject
Project("{FAE04EC0-301F-11D3-BF4B-00C04F79EFBC}") = "CapaNegocio", "CapaNegocio\CapaNegocio.csproj", "{9CE1EDA9-ADD7-48BA-B2F7-E48899DFBC0E}"
EndProject
Global
	GlobalSection(SolutionConfigurationPlatforms) = preSolution
		Debug|Any CPU = Debug|Any CPU
		Release|Any CPU = Release|Any CPU
	EndGlobalSection
	GlobalSection(ProjectConfigurationPlatforms) = postSolution
		{C09F5C4C-47FC-4548-9027-8B1F7BD65248}.Debug|Any CPU.ActiveCfg = Debug|Any CPU
		{C09F5C4C-47FC-4548-9027-8B1F7BD65248}.Debug|Any CPU.Build.0 = Debug|Any CPU
		{C09F5C4C-47FC-4548-9027-8B1F7BD65248}.Release|Any CPU.ActiveCfg = Release|Any CPU
		{C09F5C4C-47FC-4548-9027-8B1F7BD65248}.Release|Any CPU.Build.0 = Release|Any CPU
		{96A6A2C4-BC82-40A4-86AF-897A518F5A93}.Debug|Any CPU.ActiveCfg = Debug|Any CPU
		{96A6A2C4-BC82-40A4-86AF-897A518F5A93}.Debug|Any CPU.Build.0 = Debug|Any CPU
		{96A6A2C4-BC82-40A4-86AF-897A518F5A93}.Release|Any CPU.ActiveCfg = Release|Any CPU
		{96A6A2C4-BC82-40A4-86AF-897A518F5A93}.Release|Any CPU.Build.0 = Release|Any CPU
		{9CE1EDA9-ADD7-48BA-B2F7-E48899DFBC0E}.Debug|Any CPU.ActiveCfg = Debug|Any CPU
		{9CE1EDA9-ADD7-48BA-B2F7-E48899DFBC0E}.Debug|Any CPU.Build.0 = Debug|Any CPU
		{9CE1EDA9-ADD7-48BA-B2F7-E48899DFBC0E}.Release|Any CPU.ActiveCfg = Release|Any CPU
		{9CE1EDA9-ADD7-48BA-B2F7-E48899DFBC0E}.Release|Any CPU.Build.0 = Release|Any CPU
	EndGlobalSection
	GlobalSection(SolutionProperties) = preSolution
		HideSolutionNode = FALSE
	EndGlobalSection
	GlobalSection(ExtensibilityGlobals) = postSolution
		SolutionGuid = {411CC4C7-69D6-42D8-8B7A-323381EDD27D}
	EndGlobalSection
EndGlobal
